
Microsoft Visual Studio Solution File, Format Version 12.00
# Visual Studio Version 17
VisualStudioVersion = 17.9.34723.18
MinimumVisualStudioVersion = 10.0.40219.1
Project("{9A19103F-16F7-4668-BE54-9A1E7A4F7556}") = "LagQueueAnalysisAPI", "LagQueueAnalysisAPI\LagQueueAnalysisAPI.csproj", "{96EFDFD5-5ACB-491C-9799-430A748A3C43}"
EndProject
Project("{9A19103F-16F7-4668-BE54-9A1E7A4F7556}") = "LagQueueDomain", "LagQueueDomain\LagQueueDomain.csproj", "{7ECAFE1C-1D92-4370-B8AB-414E0FCB3C26}"
EndProject
Project("{9A19103F-16F7-4668-BE54-9A1E7A4F7556}") = "LagQueueApplication", "LagQueueApplication\LagQueueApplication.csproj", "{1445A886-60FD-41A0-B274-58C8B667499A}"
EndProject
Project("{9A19103F-16F7-4668-BE54-9A1E7A4F7556}") = "LagRabbitMQ", "LagRabbitMQ\LagRabbitMQ.csproj", "{6DBAA5E5-2C35-4A94-892D-6C01D2B8F54C}"
EndProject
Project("{9A19103F-16F7-4668-BE54-9A1E7A4F7556}") = "LagQueueAnalysisInfra", "LagQueueAnalysisInfra\LagQueueAnalysisInfra.csproj", "{A9E9A968-04D1-4B0C-A289-DF63E824A860}"
EndProject
Project("{FAE04EC0-301F-11D3-BF4B-00C04F79EFBC}") = "LagEnvironmentDomain", "LagEnvironmentDomain\LagEnvironmentDomain.csproj", "{32B66BBC-64CE-4FEE-8029-038C89914672}"
EndProject
Project("{FAE04EC0-301F-11D3-BF4B-00C04F79EFBC}") = "LagEnvironmentApplication", "LagEnvironmentApplication\LagEnvironmentApplication.csproj", "{3D33020F-40F7-4998-8429-CDE36AB5793E}"
EndProject
Global
	GlobalSection(SolutionConfigurationPlatforms) = preSolution
		Debug|Any CPU = Debug|Any CPU
		Release|Any CPU = Release|Any CPU
	EndGlobalSection
	GlobalSection(ProjectConfigurationPlatforms) = postSolution
		{96EFDFD5-5ACB-491C-9799-430A748A3C43}.Debug|Any CPU.ActiveCfg = Debug|Any CPU
		{96EFDFD5-5ACB-491C-9799-430A748A3C43}.Debug|Any CPU.Build.0 = Debug|Any CPU
		{96EFDFD5-5ACB-491C-9799-430A748A3C43}.Release|Any CPU.ActiveCfg = Release|Any CPU
		{96EFDFD5-5ACB-491C-9799-430A748A3C43}.Release|Any CPU.Build.0 = Release|Any CPU
		{7ECAFE1C-1D92-4370-B8AB-414E0FCB3C26}.Debug|Any CPU.ActiveCfg = Debug|Any CPU
		{7ECAFE1C-1D92-4370-B8AB-414E0FCB3C26}.Debug|Any CPU.Build.0 = Debug|Any CPU
		{7ECAFE1C-1D92-4370-B8AB-414E0FCB3C26}.Release|Any CPU.ActiveCfg = Release|Any CPU
		{7ECAFE1C-1D92-4370-B8AB-414E0FCB3C26}.Release|Any CPU.Build.0 = Release|Any CPU
		{1445A886-60FD-41A0-B274-58C8B667499A}.Debug|Any CPU.ActiveCfg = Debug|Any CPU
		{1445A886-60FD-41A0-B274-58C8B667499A}.Debug|Any CPU.Build.0 = Debug|Any CPU
		{1445A886-60FD-41A0-B274-58C8B667499A}.Release|Any CPU.ActiveCfg = Release|Any CPU
		{1445A886-60FD-41A0-B274-58C8B667499A}.Release|Any CPU.Build.0 = Release|Any CPU
		{6DBAA5E5-2C35-4A94-892D-6C01D2B8F54C}.Debug|Any CPU.ActiveCfg = Debug|Any CPU
		{6DBAA5E5-2C35-4A94-892D-6C01D2B8F54C}.Debug|Any CPU.Build.0 = Debug|Any CPU
		{6DBAA5E5-2C35-4A94-892D-6C01D2B8F54C}.Release|Any CPU.ActiveCfg = Release|Any CPU
		{6DBAA5E5-2C35-4A94-892D-6C01D2B8F54C}.Release|Any CPU.Build.0 = Release|Any CPU
		{A9E9A968-04D1-4B0C-A289-DF63E824A860}.Debug|Any CPU.ActiveCfg = Debug|Any CPU
		{A9E9A968-04D1-4B0C-A289-DF63E824A860}.Debug|Any CPU.Build.0 = Debug|Any CPU
		{A9E9A968-04D1-4B0C-A289-DF63E824A860}.Release|Any CPU.ActiveCfg = Release|Any CPU
		{A9E9A968-04D1-4B0C-A289-DF63E824A860}.Release|Any CPU.Build.0 = Release|Any CPU
		{32B66BBC-64CE-4FEE-8029-038C89914672}.Debug|Any CPU.ActiveCfg = Debug|Any CPU
		{32B66BBC-64CE-4FEE-8029-038C89914672}.Debug|Any CPU.Build.0 = Debug|Any CPU
		{32B66BBC-64CE-4FEE-8029-038C89914672}.Release|Any CPU.ActiveCfg = Release|Any CPU
		{32B66BBC-64CE-4FEE-8029-038C89914672}.Release|Any CPU.Build.0 = Release|Any CPU
		{3D33020F-40F7-4998-8429-CDE36AB5793E}.Debug|Any CPU.ActiveCfg = Debug|Any CPU
		{3D33020F-40F7-4998-8429-CDE36AB5793E}.Debug|Any CPU.Build.0 = Debug|Any CPU
		{3D33020F-40F7-4998-8429-CDE36AB5793E}.Release|Any CPU.ActiveCfg = Release|Any CPU
		{3D33020F-40F7-4998-8429-CDE36AB5793E}.Release|Any CPU.Build.0 = Release|Any CPU
	EndGlobalSection
	GlobalSection(SolutionProperties) = preSolution
		HideSolutionNode = FALSE
	EndGlobalSection
	GlobalSection(ExtensibilityGlobals) = postSolution
		SolutionGuid = {9F989DD8-6B81-4ABA-B0DA-283197DA4FCC}
	EndGlobalSection
EndGlobal
